
Microsoft Visual Studio Solution File, Format Version 12.00
# Visual Studio Version 16
VisualStudioVersion = 16.0.29920.165
MinimumVisualStudioVersion = 10.0.40219.1
Project("{9A19103F-16F7-4668-BE54-9A1E7A4F7556}") = "GTIO.Framework", "Framework\GTIO.Framework.csproj", "{87195BE9-CC77-497C-93CC-538F7C878B5C}"
EndProject
Project("{9A19103F-16F7-4668-BE54-9A1E7A4F7556}") = "GTIO.Pages", "GTIO\GTIO.Pages.csproj", "{361416C2-13E8-474F-8B97-81CE22A53BDF}"
EndProject
Project("{9A19103F-16F7-4668-BE54-9A1E7A4F7556}") = "AppliToolsTest", "AppliToolsTest\AppliToolsTest.csproj", "{3983B68D-D922-4013-8758-5E80DBE1046D}"
EndProject
Project("{9A19103F-16F7-4668-BE54-9A1E7A4F7556}") = "GTIO.Test", "GTIO.Test\GTIO.Test.csproj", "{8B7E76F5-344A-4285-80D2-AC138FFACA95}"
EndProject
Global
	GlobalSection(SolutionConfigurationPlatforms) = preSolution
		Debug|Any CPU = Debug|Any CPU
		Release|Any CPU = Release|Any CPU
	EndGlobalSection
	GlobalSection(ProjectConfigurationPlatforms) = postSolution
		{87195BE9-CC77-497C-93CC-538F7C878B5C}.Debug|Any CPU.ActiveCfg = Debug|Any CPU
		{87195BE9-CC77-497C-93CC-538F7C878B5C}.Debug|Any CPU.Build.0 = Debug|Any CPU
		{87195BE9-CC77-497C-93CC-538F7C878B5C}.Release|Any CPU.ActiveCfg = Release|Any CPU
		{87195BE9-CC77-497C-93CC-538F7C878B5C}.Release|Any CPU.Build.0 = Release|Any CPU
		{361416C2-13E8-474F-8B97-81CE22A53BDF}.Debug|Any CPU.ActiveCfg = Debug|Any CPU
		{361416C2-13E8-474F-8B97-81CE22A53BDF}.Debug|Any CPU.Build.0 = Debug|Any CPU
		{361416C2-13E8-474F-8B97-81CE22A53BDF}.Release|Any CPU.ActiveCfg = Release|Any CPU
		{361416C2-13E8-474F-8B97-81CE22A53BDF}.Release|Any CPU.Build.0 = Release|Any CPU
		{3983B68D-D922-4013-8758-5E80DBE1046D}.Debug|Any CPU.ActiveCfg = Debug|Any CPU
		{3983B68D-D922-4013-8758-5E80DBE1046D}.Debug|Any CPU.Build.0 = Debug|Any CPU
		{3983B68D-D922-4013-8758-5E80DBE1046D}.Release|Any CPU.ActiveCfg = Release|Any CPU
		{3983B68D-D922-4013-8758-5E80DBE1046D}.Release|Any CPU.Build.0 = Release|Any CPU
		{8B7E76F5-344A-4285-80D2-AC138FFACA95}.Debug|Any CPU.ActiveCfg = Debug|Any CPU
		{8B7E76F5-344A-4285-80D2-AC138FFACA95}.Debug|Any CPU.Build.0 = Debug|Any CPU
		{8B7E76F5-344A-4285-80D2-AC138FFACA95}.Release|Any CPU.ActiveCfg = Release|Any CPU
		{8B7E76F5-344A-4285-80D2-AC138FFACA95}.Release|Any CPU.Build.0 = Release|Any CPU
	EndGlobalSection
	GlobalSection(SolutionProperties) = preSolution
		HideSolutionNode = FALSE
	EndGlobalSection
	GlobalSection(ExtensibilityGlobals) = postSolution
		SolutionGuid = {B67FBDA6-D018-40EF-AA08-596AC2A12EE3}
	EndGlobalSection
EndGlobal
